
Microsoft Visual Studio Solution File, Format Version 12.00
# Visual Studio Version 17
VisualStudioVersion = 17.5.002.0
MinimumVisualStudioVersion = 10.0.40219.1
Project("{9A19103F-16F7-4668-BE54-9A1E7A4F7556}") = "Koleksiyonlar-soru-2", "Koleksiyonlar-soru-2.csproj", "{A41A9303-AB25-42A6-B768-D3B15D94B7CB}"
EndProject
Global
	GlobalSection(SolutionConfigurationPlatforms) = preSolution
		Debug|Any CPU = Debug|Any CPU
		Release|Any CPU = Release|Any CPU
	EndGlobalSection
	GlobalSection(ProjectConfigurationPlatforms) = postSolution
		{A41A9303-AB25-42A6-B768-D3B15D94B7CB}.Debug|Any CPU.ActiveCfg = Debug|Any CPU
		{A41A9303-AB25-42A6-B768-D3B15D94B7CB}.Debug|Any CPU.Build.0 = Debug|Any CPU
		{A41A9303-AB25-42A6-B768-D3B15D94B7CB}.Release|Any CPU.ActiveCfg = Release|Any CPU
		{A41A9303-AB25-42A6-B768-D3B15D94B7CB}.Release|Any CPU.Build.0 = Release|Any CPU
	EndGlobalSection
	GlobalSection(SolutionProperties) = preSolution
		HideSolutionNode = FALSE
	EndGlobalSection
	GlobalSection(ExtensibilityGlobals) = postSolution
		SolutionGuid = {5F6971BA-1F08-4A4D-9F6E-48EFD0FA0262}
	EndGlobalSection
EndGlobal
